
Microsoft Visual Studio Solution File, Format Version 12.00
# Visual Studio for Mac
Project("{FAE04EC0-301F-11D3-BF4B-00C04F79EFBC}") = "Assembly-CSharp", "Assembly-CSharp.csproj", "{813E2425-E266-B202-ABB8-C518530CC752}"
EndProject
Project("{FAE04EC0-301F-11D3-BF4B-00C04F79EFBC}") = "Assembly-CSharp-firstpass", "Assembly-CSharp-firstpass.csproj", "{88EB456E-E184-3B2D-7B92-F007ED072B0D}"
EndProject
Project("{FAE04EC0-301F-11D3-BF4B-00C04F79EFBC}") = "Assembly-CSharp-Editor", "Assembly-CSharp-Editor.csproj", "{540F79F2-90A6-C68B-21A3-99B32F77C88C}"
EndProject
Project("{FAE04EC0-301F-11D3-BF4B-00C04F79EFBC}") = "Assembly-CSharp-Editor-firstpass", "Assembly-CSharp-Editor-firstpass.csproj", "{EA40EE5D-E369-299A-098C-E9142CB69833}"
EndProject
Global
	GlobalSection(SolutionConfigurationPlatforms) = preSolution
		Debug|Any CPU = Debug|Any CPU
		Release|Any CPU = Release|Any CPU
	EndGlobalSection
	GlobalSection(ProjectConfigurationPlatforms) = postSolution
		{813E2425-E266-B202-ABB8-C518530CC752}.Debug|Any CPU.ActiveCfg = Debug|Any CPU
		{813E2425-E266-B202-ABB8-C518530CC752}.Debug|Any CPU.Build.0 = Debug|Any CPU
		{813E2425-E266-B202-ABB8-C518530CC752}.Release|Any CPU.ActiveCfg = Release|Any CPU
		{813E2425-E266-B202-ABB8-C518530CC752}.Release|Any CPU.Build.0 = Release|Any CPU
		{88EB456E-E184-3B2D-7B92-F007ED072B0D}.Debug|Any CPU.ActiveCfg = Debug|Any CPU
		{88EB456E-E184-3B2D-7B92-F007ED072B0D}.Debug|Any CPU.Build.0 = Debug|Any CPU
		{88EB456E-E184-3B2D-7B92-F007ED072B0D}.Release|Any CPU.ActiveCfg = Release|Any CPU
		{88EB456E-E184-3B2D-7B92-F007ED072B0D}.Release|Any CPU.Build.0 = Release|Any CPU
		{540F79F2-90A6-C68B-21A3-99B32F77C88C}.Debug|Any CPU.ActiveCfg = Debug|Any CPU
		{540F79F2-90A6-C68B-21A3-99B32F77C88C}.Debug|Any CPU.Build.0 = Debug|Any CPU
		{540F79F2-90A6-C68B-21A3-99B32F77C88C}.Release|Any CPU.ActiveCfg = Release|Any CPU
		{540F79F2-90A6-C68B-21A3-99B32F77C88C}.Release|Any CPU.Build.0 = Release|Any CPU
		{EA40EE5D-E369-299A-098C-E9142CB69833}.Debug|Any CPU.ActiveCfg = Debug|Any CPU
		{EA40EE5D-E369-299A-098C-E9142CB69833}.Debug|Any CPU.Build.0 = Debug|Any CPU
		{EA40EE5D-E369-299A-098C-E9142CB69833}.Release|Any CPU.ActiveCfg = Release|Any CPU
		{EA40EE5D-E369-299A-098C-E9142CB69833}.Release|Any CPU.Build.0 = Release|Any CPU
	EndGlobalSection
	GlobalSection(SolutionProperties) = preSolution
		HideSolutionNode = FALSE
	EndGlobalSection
EndGlobal
